{
    "_readme": [
        "This file locks the dependencies of your project to a known state",
        "Read more about it at https://getcomposer.org/doc/01-basic-usage.md#installing-dependencies",
        "This file is @generated automatically"
    ],
    "content-hash": "631626a583f0b9d7b76c76424703bc91",
    "packages": [],
    "packages-dev": [
        {
            "name": "contributte/tester",
            "version": "v0.3.0",
            "source": {
                "type": "git",
                "url": "https://github.com/contributte/tester.git",
                "reference": "d7db5a9b2b76910805ce191fa96b59d51c3b4dc1"
            },
            "dist": {
                "type": "zip",
                "url": "https://api.github.com/repos/contributte/tester/zipball/d7db5a9b2b76910805ce191fa96b59d51c3b4dc1",
                "reference": "d7db5a9b2b76910805ce191fa96b59d51c3b4dc1",
                "shasum": ""
            },
            "require": {
                "nette/tester": "^2.5.1",
                "php": ">=8.1"
            },
            "require-dev": {
                "contributte/phpstan": "^0.1.0",
                "contributte/qa": "^0.4.0",
                "nette/di": "^3.1.2",
                "nette/neon": "^3.4.0",
                "nette/robot-loader": "^3.4.2"
            },
            "suggest": {
                "nette/di": "for NEON handling",
                "nette/neon": "for NEON handling",
                "nette/robot-loader": "for class finding"
            },
            "type": "library",
            "extra": {
                "branch-alias": {
                    "dev-master": "0.4.x-dev"
                }
            },
            "autoload": {
                "psr-4": {
                    "Contributte\\Tester\\": "src"
                }
            },
            "notification-url": "https://packagist.org/downloads/",
            "license": [
                "MIT"
            ],
            "authors": [
                {
                    "name": "Milan Felix Šulc",
                    "homepage": "https://f3l1x.io"
                }
            ],
            "description": "Nette Tester with extra horse power",
            "homepage": "https://github.com/contributte/tester",
            "keywords": [
                "nette",
                "php",
                "tester"
            ],
            "support": {
                "issues": "https://github.com/contributte/tester/issues",
                "source": "https://github.com/contributte/tester/tree/v0.3.0"
            },
            "funding": [
                {
                    "url": "https://contributte.org/partners.html",
                    "type": "custom"
                },
                {
                    "url": "https://github.com/f3l1x",
                    "type": "github"
                }
            ],
            "time": "2023-11-17T16:10:28+00:00"
        },
        {
            "name": "hamcrest/hamcrest-php",
            "version": "v2.0.1",
            "source": {
                "type": "git",
                "url": "https://github.com/hamcrest/hamcrest-php.git",
                "reference": "8c3d0a3f6af734494ad8f6fbbee0ba92422859f3"
            },
            "dist": {
                "type": "zip",
                "url": "https://api.github.com/repos/hamcrest/hamcrest-php/zipball/8c3d0a3f6af734494ad8f6fbbee0ba92422859f3",
                "reference": "8c3d0a3f6af734494ad8f6fbbee0ba92422859f3",
                "shasum": ""
            },
            "require": {
                "php": "^5.3|^7.0|^8.0"
            },
            "replace": {
                "cordoval/hamcrest-php": "*",
                "davedevelopment/hamcrest-php": "*",
                "kodova/hamcrest-php": "*"
            },
            "require-dev": {
                "phpunit/php-file-iterator": "^1.4 || ^2.0",
                "phpunit/phpunit": "^4.8.36 || ^5.7 || ^6.5 || ^7.0"
            },
            "type": "library",
            "extra": {
                "branch-alias": {
                    "dev-master": "2.1-dev"
                }
            },
            "autoload": {
                "classmap": [
                    "hamcrest"
                ]
            },
            "notification-url": "https://packagist.org/downloads/",
            "license": [
                "BSD-3-Clause"
            ],
            "description": "This is the PHP port of Hamcrest Matchers",
            "keywords": [
                "test"
            ],
            "support": {
                "issues": "https://github.com/hamcrest/hamcrest-php/issues",
                "source": "https://github.com/hamcrest/hamcrest-php/tree/v2.0.1"
            },
            "time": "2020-07-09T08:09:16+00:00"
        },
        {
            "name": "mockery/mockery",
            "version": "1.6.12",
            "source": {
                "type": "git",
                "url": "https://github.com/mockery/mockery.git",
                "reference": "1f4efdd7d3beafe9807b08156dfcb176d18f1699"
            },
            "dist": {
                "type": "zip",
                "url": "https://api.github.com/repos/mockery/mockery/zipball/1f4efdd7d3beafe9807b08156dfcb176d18f1699",
                "reference": "1f4efdd7d3beafe9807b08156dfcb176d18f1699",
                "shasum": ""
            },
            "require": {
                "hamcrest/hamcrest-php": "^2.0.1",
                "lib-pcre": ">=7.0",
                "php": ">=7.3"
            },
            "conflict": {
                "phpunit/phpunit": "<8.0"
            },
            "require-dev": {
                "phpunit/phpunit": "^8.5 || ^9.6.17",
                "symplify/easy-coding-standard": "^12.1.14"
            },
            "type": "library",
            "autoload": {
                "files": [
                    "library/helpers.php",
                    "library/Mockery.php"
                ],
                "psr-4": {
                    "Mockery\\": "library/Mockery"
                }
            },
            "notification-url": "https://packagist.org/downloads/",
            "license": [
                "BSD-3-Clause"
            ],
            "authors": [
                {
                    "name": "Pádraic Brady",
                    "email": "padraic.brady@gmail.com",
                    "homepage": "https://github.com/padraic",
                    "role": "Author"
                },
                {
                    "name": "Dave Marshall",
                    "email": "dave.marshall@atstsolutions.co.uk",
                    "homepage": "https://davedevelopment.co.uk",
                    "role": "Developer"
                },
                {
                    "name": "Nathanael Esayeas",
                    "email": "nathanael.esayeas@protonmail.com",
                    "homepage": "https://github.com/ghostwriter",
                    "role": "Lead Developer"
                }
            ],
            "description": "Mockery is a simple yet flexible PHP mock object framework",
            "homepage": "https://github.com/mockery/mockery",
            "keywords": [
                "BDD",
                "TDD",
                "library",
                "mock",
                "mock objects",
                "mockery",
                "stub",
                "test",
                "test double",
                "testing"
            ],
            "support": {
                "docs": "https://docs.mockery.io/",
                "issues": "https://github.com/mockery/mockery/issues",
                "rss": "https://github.com/mockery/mockery/releases.atom",
                "security": "https://github.com/mockery/mockery/security/advisories",
                "source": "https://github.com/mockery/mockery"
            },
            "time": "2024-05-16T03:13:13+00:00"
        },
        {
            "name": "nette/tester",
            "version": "v2.5.4",
            "source": {
                "type": "git",
                "url": "https://github.com/nette/tester.git",
                "reference": "c11863785779e87b40adebf150364f2e5938c111"
            },
            "dist": {
                "type": "zip",
                "url": "https://api.github.com/repos/nette/tester/zipball/c11863785779e87b40adebf150364f2e5938c111",
                "reference": "c11863785779e87b40adebf150364f2e5938c111",
                "shasum": ""
            },
            "require": {
                "php": "8.0 - 8.4"
            },
            "require-dev": {
                "ext-simplexml": "*",
                "phpstan/phpstan": "^1.0"
            },
            "bin": [
                "src/tester"
            ],
            "type": "library",
            "extra": {
                "branch-alias": {
                    "dev-master": "2.5-dev"
                }
            },
            "autoload": {
                "classmap": [
                    "src/"
                ]
            },
            "notification-url": "https://packagist.org/downloads/",
            "license": [
                "BSD-3-Clause",
                "GPL-2.0-only",
                "GPL-3.0-only"
            ],
            "authors": [
                {
                    "name": "David Grudl",
                    "homepage": "https://davidgrudl.com"
                },
                {
                    "name": "Miloslav Hůla",
                    "homepage": "https://github.com/milo"
                },
                {
                    "name": "Nette Community",
                    "homepage": "https://nette.org/contributors"
                }
            ],
            "description": "Nette Tester: enjoyable unit testing in PHP with code coverage reporter. 🍏🍏🍎🍏",
            "homepage": "https://tester.nette.org",
            "keywords": [
                "Xdebug",
                "assertions",
                "clover",
                "code coverage",
                "nette",
                "pcov",
                "phpdbg",
                "phpunit",
                "testing",
                "unit"
            ],
            "support": {
                "issues": "https://github.com/nette/tester/issues",
                "source": "https://github.com/nette/tester/tree/v2.5.4"
            },
            "time": "2024-10-23T23:57:10+00:00"
        }
    ],
    "aliases": [],
    "minimum-stability": "dev",
    "stability-flags": {},
    "prefer-stable": true,
    "prefer-lowest": false,
    "platform": {
        "php": ">=8.2"
    },
    "platform-dev": {},
    "plugin-api-version": "2.6.0"
}
